{
  "name": "CcFrame332",
  "version": "3.4.2",
  "lockfileVersion": 2,
  "requires": true,
  "packages": {
    "": {
      "name": "CcFrame332",
      "version": "3.4.2",
      "dependencies": {
        "native": "^3.6.1"
      }
    },
    "node_modules/native": {
      "version": "3.6.1",
      "resolved": "https://packages.aliyun.com/61a7111499ee2b7b75a77d68/npm/npm-registry/native/-/native-3.6.1.tgz",
      "integrity": "sha512-zMWNvFbUYdmOnkA5UlaGjQ5/IKI8Vdn9VgwhkKGsaBXlU6asaO7dwkQk71V4q+T7kt9hGgNtUgHuzBG3M6CdsQ==",
      "license": "ISC"
    }
  },
  "dependencies": {
    "native": {
      "version": "3.6.1",
      "resolved": "https://packages.aliyun.com/61a7111499ee2b7b75a77d68/npm/npm-registry/native/-/native-3.6.1.tgz",
      "integrity": "sha512-zMWNvFbUYdmOnkA5UlaGjQ5/IKI8Vdn9VgwhkKGsaBXlU6asaO7dwkQk71V4q+T7kt9hGgNtUgHuzBG3M6CdsQ=="
    }
  }
}
